
Microsoft Visual Studio Solution File, Format Version 12.00
# Visual Studio Version 16
VisualStudioVersion = 16.0.31613.86
MinimumVisualStudioVersion = 10.0.40219.1
Project("{FAE04EC0-301F-11D3-BF4B-00C04F79EFBC}") = "Ginlong", "Ginlong.csproj", "{2410664B-A1A3-40BC-917C-66A9B7D06FCC}"
EndProject
Global
	GlobalSection(SolutionConfigurationPlatforms) = preSolution
		Debug|Any CPU = Debug|Any CPU
		Release|Any CPU = Release|Any CPU
	EndGlobalSection
	GlobalSection(ProjectConfigurationPlatforms) = postSolution
		{2410664B-A1A3-40BC-917C-66A9B7D06FCC}.Debug|Any CPU.ActiveCfg = Debug|Any CPU
		{2410664B-A1A3-40BC-917C-66A9B7D06FCC}.Debug|Any CPU.Build.0 = Debug|Any CPU
		{2410664B-A1A3-40BC-917C-66A9B7D06FCC}.Release|Any CPU.ActiveCfg = Release|Any CPU
		{2410664B-A1A3-40BC-917C-66A9B7D06FCC}.Release|Any CPU.Build.0 = Release|Any CPU
	EndGlobalSection
	GlobalSection(SolutionProperties) = preSolution
		HideSolutionNode = FALSE
	EndGlobalSection
	GlobalSection(ExtensibilityGlobals) = postSolution
		SolutionGuid = {902579C7-789E-4A56-98A3-408D8D9BA01E}
	EndGlobalSection
EndGlobal
